
Microsoft Visual Studio Solution File, Format Version 12.00
# Visual Studio 15
VisualStudioVersion = 15.0.26228.4
MinimumVisualStudioVersion = 10.0.40219.1
Project("{FAE04EC0-301F-11D3-BF4B-00C04F79EFBC}") = "ADBot", "ADBot\ADBot.csproj", "{EF6AC1FB-A2AA-433F-B940-3DC9C75605FF}"
EndProject
Global
	GlobalSection(SolutionConfigurationPlatforms) = preSolution
		Debug|Any CPU = Debug|Any CPU
		Release|Any CPU = Release|Any CPU
	EndGlobalSection
	GlobalSection(ProjectConfigurationPlatforms) = postSolution
		{EF6AC1FB-A2AA-433F-B940-3DC9C75605FF}.Debug|Any CPU.ActiveCfg = Debug|Any CPU
		{EF6AC1FB-A2AA-433F-B940-3DC9C75605FF}.Debug|Any CPU.Build.0 = Debug|Any CPU
		{EF6AC1FB-A2AA-433F-B940-3DC9C75605FF}.Release|Any CPU.ActiveCfg = Release|Any CPU
		{EF6AC1FB-A2AA-433F-B940-3DC9C75605FF}.Release|Any CPU.Build.0 = Release|Any CPU
	EndGlobalSection
	GlobalSection(SolutionProperties) = preSolution
		HideSolutionNode = FALSE
	EndGlobalSection
EndGlobal
